{
  "lockfileVersion": 1,
  "configVersion": 1,
  "workspaces": {
    "": {
      "name": "image-generator-service",
      "dependencies": {
        "z-ai-web-dev-sdk": "^0.0.16",
      },
    },
  },
  "packages": {
    "z-ai-web-dev-sdk": ["z-ai-web-dev-sdk@0.0.16", "", { "bin": { "z-ai": "dist/cli.js", "z-ai-generate": "dist/cli.js" } }, "sha512-x/q6D+0zIyKk2AvR4OeZGqRvzvngf9d1nT9KxCUxywDyrBj9qvqLqzfoauJKXxbXY7ezFQZDMnODIkVwyz3yyg=="],
  }
}
